PODS:
  - CustomHttpHeadersURLProtocol (1.2.0)

DEPENDENCIES:
  - CustomHttpHeadersURLProtocol (from `../`)

EXTERNAL SOURCES:
  CustomHttpHeadersURLProtocol:
    :path: "../"

SPEC CHECKSUMS:
  CustomHttpHeadersURLProtocol: 9f610b4370b1ac4920e79042cf409bd25a96c7b2

PODFILE CHECKSUM: 2b92ef24d288539c435ecfe7eaf677ff453bfba9

COCOAPODS: 1.1.0.beta.1
